// !$*UTF8*$!
{
	archiveVersion = 1;
	classes = {
	};
	objectVersion = 46;
	objects = {

/* Begin PBXBuildFile section */
		25526B6D1F90F01100D33280 /* main.m in Sources */ = {isa = PBXBuildFile; fileRef = 25526B6C1F90F01100D33280 /* main.m */; };
		25526B701F90F01100D33280 /* AppDelegate.m in Sources */ = {isa = PBXBuildFile; fileRef = 25526B6F1F90F01100D33280 /* AppDelegate.m */; };
		25526B731F90F01100D33280 /* ViewController.m in Sources */ = {isa = PBXBuildFile; fileRef = 25526B721F90F01100D33280 /* ViewController.m */; };
		25526B761F90F01100D33280 /* Main.storyboard in Resources */ = {isa = PBXBuildFile; fileRef = 25526B741F90F01100D33280 /* Main.storyboard */; };
		25526B781F90F01100D33280 /* Assets.xcassets in Resources */ = {isa = PBXBuildFile; fileRef = 25526B771F90F01100D33280 /* Assets.xcassets */; };
		25526B7B1F90F01100D33280 /* LaunchScreen.storyboard in Resources */ = {isa = PBXBuildFile; fileRef = 25526B791F90F01100D33280 /* LaunchScreen.storyboard */; };
		25526B861F90F01100D33280 /* TimePickerViewTests.m in Sources */ = {isa = PBXBuildFile; fileRef = 25526B851F90F01100D33280 /* TimePickerViewTests.m */; };
		25526B911F90F01100D33280 /* TimePickerViewUITests.m in Sources */ = {isa = PBXBuildFile; fileRef = 25526B901F90F01100D33280 /* TimePickerViewUITests.m */; };
/* End PBXBuildFile section */

/* Begin PBXContainerItemProxy section */
		25526B821F90F01100D33280 /* PBXContainerItemProxy */ = {
			isa = PBXContainerItemProxy;
			containerPortal = 25526B601F90F01100D33280 /* Project object */;
			proxyType = 1;
			remoteGlobalIDString = 25526B671F90F01100D33280;
			remoteInfo = TimePickerView;
		};
		25526B8D1F90F01100D33280 /* PBXContainerItemProxy */ = {
			isa = PBXContainerItemProxy;
			containerPortal = 25526B601F90F01100D33280 /* Project object */;
			proxyType = 1;
			remoteGlobalIDString = 25526B671F90F01100D33280;
			remoteInfo = TimePickerView;
		};
/* End PBXContainerItemProxy section */

/* Begin PBXFileReference section */
		25526B681F90F01100D33280 /* TimePickerView.app */ = {isa = PBXFileReference; explicitFileType = wrapper.application; includeInIndex = 0; path = TimePickerView.app; sourceTree = BUILT_PRODUCTS_DIR; };
		25526B6C1F90F01100D33280 /* main.m */ = {isa = PBXFileReference; lastKnownFileType = sourcecode.c.objc; path = main.m; sourceTree = "<group>"; };
		25526B6E1F90F01100D33280 /* AppDelegate.h */ = {isa = PBXFileReference; lastKnownFileType = sourcecode.c.h; path = AppDelegate.h; sourceTree = "<group>"; };
		25526B6F1F90F01100D33280 /* AppDelegate.m */ = {isa = PBXFileReference; lastKnownFileType = sourcecode.c.objc; path = AppDelegate.m; sourceTree = "<group>"; };
		25526B711F90F01100D33280 /* ViewController.h */ = {isa = PBXFileReference; lastKnownFileType = sourcecode.c.h; path = ViewController.h; sourceTree = "<group>"; };
		25526B721F90F01100D33280 /* ViewController.m */ = {isa = PBXFileReference; lastKnownFileType = sourcecode.c.objc; path = ViewController.m; sourceTree = "<group>"; };
		25526B751F90F01100D33280 /* Base */ = {isa = PBXFileReference; lastKnownFileType = file.storyboard; name = Base; path = Base.lproj/Main.storyboard; sourceTree = "<group>"; };
		25526B771F90F01100D33280 /* Assets.xcassets */ = {isa = PBXFileReference; lastKnownFileType = folder.assetcatalog; path = Assets.xcassets; sourceTree = "<group>"; };
		25526B7A1F90F01100D33280 /* Base */ = {isa = PBXFileReference; lastKnownFileType = file.storyboard; name = Base; path = Base.lproj/LaunchScreen.storyboard; sourceTree = "<group>"; };
		25526B7C1F90F01100D33280 /* Info.plist */ = {isa = PBXFileReference; lastKnownFileType = text.plist.xml; path = Info.plist; sourceTree = "<group>"; };
		25526B811F90F01100D33280 /* TimePickerViewTests.xctest */ = {isa = PBXFileReference; explicitFileType = wrapper.cfbundle; includeInIndex = 0; path = TimePickerViewTests.xctest; sourceTree = BUILT_PRODUCTS_DIR; };
		25526B851F90F01100D33280 /* TimePickerViewTests.m */ = {isa = PBXFileReference; lastKnownFileType = sourcecode.c.objc; path = TimePickerViewTests.m; sourceTree = "<group>"; };
		25526B871F90F01100D33280 /* Info.plist */ = {isa = PBXFileReference; lastKnownFileType = text.plist.xml; path = Info.plist; sourceTree = "<group>"; };
		25526B8C1F90F01100D33280 /* TimePickerViewUITests.xctest */ = {isa = PBXFileReference; explicitFileType = wrapper.cfbundle; includeInIndex = 0; path = TimePickerViewUITests.xctest; sourceTree = BUILT_PRODUCTS_DIR; };
		25526B901F90F01100D33280 /* TimePickerViewUITests.m */ = {isa = PBXFileReference; lastKnownFileType = sourcecode.c.objc; path = TimePickerViewUITests.m; sourceTree = "<group>"; };
		25526B921F90F01100D33280 /* Info.plist */ = {isa = PBXFileReference; lastKnownFileType = text.plist.xml; path = Info.plist; sourceTree = "<group>"; };
/* End PBXFileReference section */

/* Begin PBXFrameworksBuildPhase section */
		25526B651F90F01100D33280 /* Frameworks */ = {
			isa = PBXFrameworksBuildPhase;
			buildActionMask = 2147483647;
			files = (
			);
			runOnlyForDeploymentPostprocessing = 0;
		};
		25526B7E1F90F01100D33280 /* Frameworks */ = {
			isa = PBXFrameworksBuildPhase;
			buildActionMask = 2147483647;
			files = (
			);
			runOnlyForDeploymentPostprocessing = 0;
		};
		25526B891F90F01100D33280 /* Frameworks */ = {
			isa = PBXFrameworksBuildPhase;
			buildActionMask = 2147483647;
			files = (
			);
			runOnlyForDeploymentPostprocessing = 0;
		};
/* End PBXFrameworksBuildPhase section */

/* Begin PBXGroup section */
		25526B5F1F90F01100D33280 = {
			isa = PBXGroup;
			children = (
				25526B6A1F90F01100D33280 /* TimePickerView */,
				25526B841F90F01100D33280 /* TimePickerViewTests */,
				25526B8F1F90F01100D33280 /* TimePickerViewUITests */,
				25526B691F90F01100D33280 /* Products */,
			);
			sourceTree = "<group>";
		};
		25526B691F90F01100D33280 /* Products */ = {
			isa = PBXGroup;
			children = (
				25526B681F90F01100D33280 /* TimePickerView.app */,
				25526B811F90F01100D33280 /* TimePickerViewTests.xctest */,
				25526B8C1F90F01100D33280 /* TimePickerViewUITests.xctest */,
			);
			name = Products;
			sourceTree = "<group>";
		};
		25526B6A1F90F01100D33280 /* TimePickerView */ = {
			isa = PBXGroup;
			children = (
				25526B6E1F90F01100D33280 /* AppDelegate.h */,
				25526B6F1F90F01100D33280 /* AppDelegate.m */,
				25526B711F90F01100D33280 /* ViewController.h */,
				25526B721F90F01100D33280 /* ViewController.m */,
				25526B741F90F01100D33280 /* Main.storyboard */,
				25526B771F90F01100D33280 /* Assets.xcassets */,
				25526B791F90F01100D33280 /* LaunchScreen.storyboard */,
				25526B7C1F90F01100D33280 /* Info.plist */,
				25526B6B1F90F01100D33280 /* Supporting Files */,
			);
			path = TimePickerView;
			sourceTree = "<group>";
		};
		25526B6B1F90F01100D33280 /* Supporting Files */ = {
			isa = PBXGroup;
			children = (
				25526B6C1F90F01100D33280 /* main.m */,
			);
			name = "Supporting Files";
			sourceTree = "<group>";
		};
		25526B841F90F01100D33280 /* TimePickerViewTests */ = {
			isa = PBXGroup;
			children = (
				25526B851F90F01100D33280 /* TimePickerViewTests.m */,
				25526B871F90F01100D33280 /* Info.plist */,
			);
			path = TimePickerViewTests;
			sourceTree = "<group>";
		};
		25526B8F1F90F01100D33280 /* TimePickerViewUITests */ = {
			isa = PBXGroup;
			children = (
				25526B901F90F01100D33280 /* TimePickerViewUITests.m */,
				25526B921F90F01100D33280 /* Info.plist */,
			);
			path = TimePickerViewUITests;
			sourceTree = "<group>";
		};
/* End PBXGroup section */

/* Begin PBXNativeTarget section */
		25526B671F90F01100D33280 /* TimePickerView */ = {
			isa = PBXNativeTarget;
			buildConfigurationList = 25526B951F90F01100D33280 /* Build configuration list for PBXNativeTarget "TimePickerView" */;
			buildPhases = (
				25526B641F90F01100D33280 /* Sources */,
				25526B651F90F01100D33280 /* Frameworks */,
				25526B661F90F01100D33280 /* Resources */,
			);
			buildRules = (
			);
			dependencies = (
			);
			name = TimePickerView;
			productName = TimePickerView;
			productReference = 25526B681F90F01100D33280 /* TimePickerView.app */;
			productType = "com.apple.product-type.application";
		};
		25526B801F90F01100D33280 /* TimePickerViewTests */ = {
			isa = PBXNativeTarget;
			buildConfigurationList = 25526B981F90F01100D33280 /* Build configuration list for PBXNativeTarget "TimePickerViewTests" */;
			buildPhases = (
				25526B7D1F90F01100D33280 /* Sources */,
				25526B7E1F90F01100D33280 /* Frameworks */,
				25526B7F1F90F01100D33280 /* Resources */,
			);
			buildRules = (
			);
			dependencies = (
				25526B831F90F01100D33280 /* PBXTargetDependency */,
			);
			name = TimePickerViewTests;
			productName = TimePickerViewTests;
			productReference = 25526B811F90F01100D33280 /* TimePickerViewTests.xctest */;
			productType = "com.apple.product-type.bundle.unit-test";
		};
		25526B8B1F90F01100D33280 /* TimePickerViewUITests */ = {
			isa = PBXNativeTarget;
			buildConfigurationList = 25526B9B1F90F01100D33280 /* Build configuration list for PBXNativeTarget "TimePickerViewUITests" */;
			buildPhases = (
				25526B881F90F01100D33280 /* Sources */,
				25526B891F90F01100D33280 /* Frameworks */,
				25526B8A1F90F01100D33280 /* Resources */,
			);
			buildRules = (
			);
			dependencies = (
				25526B8E1F90F01100D33280 /* PBXTargetDependency */,
			);
			name = TimePickerViewUITests;
			productName = TimePickerViewUITests;
			productReference = 25526B8C1F90F01100D33280 /* TimePickerViewUITests.xctest */;
			productType = "com.apple.product-type.bundle.ui-testing";
		};
/* End PBXNativeTarget section */

/* Begin PBXProject section */
		25526B601F90F01100D33280 /* Project object */ = {
			isa = PBXProject;
			attributes = {
				LastUpgradeCheck = 0830;
				ORGANIZATIONNAME = gz;
				TargetAttributes = {
					25526B671F90F01100D33280 = {
						CreatedOnToolsVersion = 8.3.2;
						DevelopmentTeam = 4GPDLP6DKN;
						ProvisioningStyle = Automatic;
					};
					25526B801F90F01100D33280 = {
						CreatedOnToolsVersion = 8.3.2;
						DevelopmentTeam = 4GPDLP6DKN;
						ProvisioningStyle = Automatic;
						TestTargetID = 25526B671F90F01100D33280;
					};
					25526B8B1F90F01100D33280 = {
						CreatedOnToolsVersion = 8.3.2;
						DevelopmentTeam = 4GPDLP6DKN;
						ProvisioningStyle = Automatic;
						TestTargetID = 25526B671F90F01100D33280;
					};
				};
			};
			buildConfigurationList = 25526B631F90F01100D33280 /* Build configuration list for PBXProject "TimePickerView" */;
			compatibilityVersion = "Xcode 3.2";
			developmentRegion = English;
			hasScannedForEncodings = 0;
			knownRegions = (
				en,
				Base,
			);
			mainGroup = 25526B5F1F90F01100D33280;
			productRefGroup = 25526B691F90F01100D33280 /* Products */;
			projectDirPath = "";
			projectRoot = "";
			targets = (
				25526B671F90F01100D33280 /* TimePickerView */,
				25526B801F90F01100D33280 /* TimePickerViewTests */,
				25526B8B1F90F01100D33280 /* TimePickerViewUITests */,
			);
		};
/* End PBXProject section */

/* Begin PBXResourcesBuildPhase section */
		25526B661F90F01100D33280 /* Resources */ = {
			isa = PBXResourcesBuildPhase;
			buildActionMask = 2147483647;
			files = (
				25526B7B1F90F01100D33280 /* LaunchScreen.storyboard in Resources */,
				25526B781F90F01100D33280 /* Assets.xcassets in Resources */,
				25526B761F90F01100D33280 /* Main.storyboard in Resources */,
			);
			runOnlyForDeploymentPostprocessing = 0;
		};
		25526B7F1F90F01100D33280 /* Resources */ = {
			isa = PBXResourcesBuildPhase;
			buildActionMask = 2147483647;
			files = (
			);
			runOnlyForDeploymentPostprocessing = 0;
		};
		25526B8A1F90F01100D33280 /* Resources */ = {
			isa = PBXResourcesBuildPhase;
			buildActionMask = 2147483647;
			files = (
			);
			runOnlyForDeploymentPostprocessing = 0;
		};
/* End PBXResourcesBuildPhase section */

/* Begin PBXSourcesBuildPhase section */
		25526B641F90F01100D33280 /* Sources */ = {
			isa = PBXSourcesBuildPhase;
			buildActionMask = 2147483647;
			files = (
				25526B731F90F01100D33280 /* ViewController.m in Sources */,
				25526B701F90F01100D33280 /* AppDelegate.m in Sources */,
				25526B6D1F90F01100D33280 /* main.m in Sources */,
			);
			runOnlyForDeploymentPostprocessing = 0;
		};
		25526B7D1F90F01100D33280 /* Sources */ = {
			isa = PBXSourcesBuildPhase;
			buildActionMask = 2147483647;
			files = (
				25526B861F90F01100D33280 /* TimePickerViewTests.m in Sources */,
			);
			runOnlyForDeploymentPostprocessing = 0;
		};
		25526B881F90F01100D33280 /* Sources */ = {
			isa = PBXSourcesBuildPhase;
			buildActionMask = 2147483647;
			files = (
				25526B911F90F01100D33280 /* TimePickerViewUITests.m in Sources */,
			);
			runOnlyForDeploymentPostprocessing = 0;
		};
/* End PBXSourcesBuildPhase section */

/* Begin PBXTargetDependency section */
		25526B831F90F01100D33280 /* PBXTargetDependency */ = {
			isa = PBXTargetDependency;
			target = 25526B671F90F01100D33280 /* TimePickerView */;
			targetProxy = 25526B821F90F01100D33280 /* PBXContainerItemProxy */;
		};
		25526B8E1F90F01100D33280 /* PBXTargetDependency */ = {
			isa = PBXTargetDependency;
			target = 25526B671F90F01100D33280 /* TimePickerView */;
			targetProxy = 25526B8D1F90F01100D33280 /* PBXContainerItemProxy */;
		};
/* End PBXTargetDependency section */

/* Begin PBXVariantGroup section */
		25526B741F90F01100D33280 /* Main.storyboard */ = {
			isa = PBXVariantGroup;
			children = (
				25526B751F90F01100D33280 /* Base */,
			);
			name = Main.storyboard;
			sourceTree = "<group>";
		};
		25526B791F90F01100D33280 /* LaunchScreen.storyboard */ = {
			isa = PBXVariantGroup;
			children = (
				25526B7A1F90F01100D33280 /* Base */,
			);
			name = LaunchScreen.storyboard;
			sourceTree = "<group>";
		};
/* End PBXVariantGroup section */

/* Begin XCBuildConfiguration section */
		25526B931F90F01100D33280 /* Debug */ = {
			isa = XCBuildConfiguration;
			buildSettings = {
				ALWAYS_SEARCH_USER_PATHS = NO;
				CLANG_ANALYZER_NONNULL = YES;
				CLANG_ANALYZER_NUMBER_OBJECT_CONVERSION = YES_AGGRESSIVE;
				CLANG_CXX_LANGUAGE_STANDARD = "gnu++0x";
				CLANG_CXX_LIBRARY = "libc++";
				CLANG_ENABLE_MODULES = YES;
				CLANG_ENABLE_OBJC_ARC = YES;
				CLANG_WARN_BOOL_CONVERSION = YES;
				CLANG_WARN_CONSTANT_CONVERSION = YES;
				CLANG_WARN_DIRECT_OBJC_ISA_USAGE = YES_ERROR;
				CLANG_WARN_DOCUMENTATION_COMMENTS = YES;
				CLANG_WARN_EMPTY_BODY = YES;
				CLANG_WARN_ENUM_CONVERSION = YES;
				CLANG_WARN_INFINITE_RECURSION = YES;
				CLANG_WARN_INT_CONVERSION = YES;
				CLANG_WARN_OBJC_ROOT_CLASS = YES_ERROR;
				CLANG_WARN_SUSPICIOUS_MOVE = YES;
				CLANG_WARN_UNREACHABLE_CODE = YES;
				CLANG_WARN__DUPLICATE_METHOD_MATCH = YES;
				"CODE_SIGN_IDENTITY[sdk=iphoneos*]" = "iPhone Developer";
				COPY_PHASE_STRIP = NO;
				DEBUG_INFORMATION_FORMAT = dwarf;
				ENABLE_STRICT_OBJC_MSGSEND = YES;
				ENABLE_TESTABILITY = YES;
				GCC_C_LANGUAGE_STANDARD = gnu99;
				GCC_DYNAMIC_NO_PIC = NO;
				GCC_NO_COMMON_BLOCKS = YES;
				GCC_OPTIMIZATION_LEVEL = 0;
				GCC_PREPROCESSOR_DEFINITIONS = (
					"DEBUG=1",
					"$(inherited)",
				);
				GCC_WARN_64_TO_32_BIT_CONVERSION = YES;
				GCC_WARN_ABOUT_RETURN_TYPE = YES_ERROR;
				GCC_WARN_UNDECLARED_SELECTOR = YES;
				GCC_WARN_UNINITIALIZED_AUTOS = YES_AGGRESSIVE;
				GCC_WARN_UNUSED_FUNCTION = YES;
				GCC_WARN_UNUSED_VARIABLE = YES;
				IPHONEOS_DEPLOYMENT_TARGET = 10.3;
				MTL_ENABLE_DEBUG_INFO = YES;
				ONLY_ACTIVE_ARCH = YES;
				SDKROOT = iphoneos;
				TARGETED_DEVICE_FAMILY = "1,2";
			};
			name = Debug;
		};
		25526B941F90F01100D33280 /* Release */ = {
			isa = XCBuildConfiguration;
			buildSettings = {
				ALWAYS_SEARCH_USER_PATHS = NO;
				CLANG_ANALYZER_NONNULL = YES;
				CLANG_ANALYZER_NUMBER_OBJECT_CONVERSION = YES_AGGRESSIVE;
				CLANG_CXX_LANGUAGE_STANDARD = "gnu++0x";
				CLANG_CXX_LIBRARY = "libc++";
				CLANG_ENABLE_MODULES = YES;
				CLANG_ENABLE_OBJC_ARC = YES;
				CLANG_WARN_BOOL_CONVERSION = YES;
				CLANG_WARN_CONSTANT_CONVERSION = YES;
				CLANG_WARN_DIRECT_OBJC_ISA_USAGE = YES_ERROR;
				CLANG_WARN_DOCUMENTATION_COMMENTS = YES;
				CLANG_WARN_EMPTY_BODY = YES;
				CLANG_WARN_ENUM_CONVERSION = YES;
				CLANG_WARN_INFINITE_RECURSION = YES;
				CLANG_WARN_INT_CONVERSION = YES;
				CLANG_WARN_OBJC_ROOT_CLASS = YES_ERROR;
				CLANG_WARN_SUSPICIOUS_MOVE = YES;
				CLANG_WARN_UNREACHABLE_CODE = YES;
				CLANG_WARN__DUPLICATE_METHOD_MATCH = YES;
				"CODE_SIGN_IDENTITY[sdk=iphoneos*]" = "iPhone Developer";
				COPY_PHASE_STRIP = NO;
				DEBUG_INFORMATION_FORMAT = "dwarf-with-dsym";
				ENABLE_NS_ASSERTIONS = NO;
				ENABLE_STRICT_OBJC_MSGSEND = YES;
				GCC_C_LANGUAGE_STANDARD = gnu99;
				GCC_NO_COMMON_BLOCKS = YES;
				GCC_WARN_64_TO_32_BIT_CONVERSION = YES;
				GCC_WARN_ABOUT_RETURN_TYPE = YES_ERROR;
				GCC_WARN_UNDECLARED_SELECTOR = YES;
				GCC_WARN_UNINITIALIZED_AUTOS = YES_AGGRESSIVE;
				GCC_WARN_UNUSED_FUNCTION = YES;
				GCC_WARN_UNUSED_VARIABLE = YES;
				IPHONEOS_DEPLOYMENT_TARGET = 10.3;
				MTL_ENABLE_DEBUG_INFO = NO;
				SDKROOT = iphoneos;
				TARGETED_DEVICE_FAMILY = "1,2";
				VALIDATE_PRODUCT = YES;
			};
			name = Release;
		};
		25526B961F90F01100D33280 /* Debug */ = {
			isa = XCBuildConfiguration;
			buildSettings = {
				ASSETCATALOG_COMPILER_APPICON_NAME = AppIcon;
				DEVELOPMENT_TEAM = 4GPDLP6DKN;
				INFOPLIST_FILE = TimePickerView/Info.plist;
				LD_RUNPATH_SEARCH_PATHS = "$(inherited) @executable_path/Frameworks";
				PRODUCT_BUNDLE_IDENTIFIER = com.workapp.www.TimePickerView;
				PRODUCT_NAME = "$(TARGET_NAME)";
			};
			name = Debug;
		};
		25526B971F90F01100D33280 /* Release */ = {
			isa = XCBuildConfiguration;
			buildSettings = {
				ASSETCATALOG_COMPILER_APPICON_NAME = AppIcon;
				DEVELOPMENT_TEAM = 4GPDLP6DKN;
				INFOPLIST_FILE = TimePickerView/Info.plist;
				LD_RUNPATH_SEARCH_PATHS = "$(inherited) @executable_path/Frameworks";
				PRODUCT_BUNDLE_IDENTIFIER = com.workapp.www.TimePickerView;
				PRODUCT_NAME = "$(TARGET_NAME)";
			};
			name = Release;
		};
		25526B991F90F01100D33280 /* Debug */ = {
			isa = XCBuildConfiguration;
			buildSettings = {
				BUNDLE_LOADER = "$(TEST_HOST)";
				DEVELOPMENT_TEAM = 4GPDLP6DKN;
				INFOPLIST_FILE = TimePickerViewTests/Info.plist;
				LD_RUNPATH_SEARCH_PATHS = "$(inherited) @executable_path/Frameworks @loader_path/Frameworks";
				PRODUCT_BUNDLE_IDENTIFIER = com.workapp.www.TimePickerViewTests;
				PRODUCT_NAME = "$(TARGET_NAME)";
				TEST_HOST = "$(BUILT_PRODUCTS_DIR)/TimePickerView.app/TimePickerView";
			};
			name = Debug;
		};
		25526B9A1F90F01100D33280 /* Release */ = {
			isa = XCBuildConfiguration;
			buildSettings = {
				BUNDLE_LOADER = "$(TEST_HOST)";
				DEVELOPMENT_TEAM = 4GPDLP6DKN;
				INFOPLIST_FILE = TimePickerViewTests/Info.plist;
				LD_RUNPATH_SEARCH_PATHS = "$(inherited) @executable_path/Frameworks @loader_path/Frameworks";
				PRODUCT_BUNDLE_IDENTIFIER = com.workapp.www.TimePickerViewTests;
				PRODUCT_NAME = "$(TARGET_NAME)";
				TEST_HOST = "$(BUILT_PRODUCTS_DIR)/TimePickerView.app/TimePickerView";
			};
			name = Release;
		};
		25526B9C1F90F01100D33280 /* Debug */ = {
			isa = XCBuildConfiguration;
			buildSettings = {
				DEVELOPMENT_TEAM = 4GPDLP6DKN;
				INFOPLIST_FILE = TimePickerViewUITests/Info.plist;
				LD_RUNPATH_SEARCH_PATHS = "$(inherited) @executable_path/Frameworks @loader_path/Frameworks";
				PRODUCT_BUNDLE_IDENTIFIER = com.workapp.www.TimePickerViewUITests;
				PRODUCT_NAME = "$(TARGET_NAME)";
				TEST_TARGET_NAME = TimePickerView;
			};
			name = Debug;
		};
		25526B9D1F90F01100D33280 /* Release */ = {
			isa = XCBuildConfiguration;
			buildSettings = {
				DEVELOPMENT_TEAM = 4GPDLP6DKN;
				INFOPLIST_FILE = TimePickerViewUITests/Info.plist;
				LD_RUNPATH_SEARCH_PATHS = "$(inherited) @executable_path/Frameworks @loader_path/Frameworks";
				PRODUCT_BUNDLE_IDENTIFIER = com.workapp.www.TimePickerViewUITests;
				PRODUCT_NAME = "$(TARGET_NAME)";
				TEST_TARGET_NAME = TimePickerView;
			};
			name = Release;
		};
/* End XCBuildConfiguration section */

/* Begin XCConfigurationList section */
		25526B631F90F01100D33280 /* Build configuration list for PBXProject "TimePickerView" */ = {
			isa = XCConfigurationList;
			buildConfigurations = (
				25526B931F90F01100D33280 /* Debug */,
				25526B941F90F01100D33280 /* Release */,
			);
			defaultConfigurationIsVisible = 0;
			defaultConfigurationName = Release;
		};
		25526B951F90F01100D33280 /* Build configuration list for PBXNativeTarget "TimePickerView" */ = {
			isa = XCConfigurationList;
			buildConfigurations = (
				25526B961F90F01100D33280 /* Debug */,
				25526B971F90F01100D33280 /* Release */,
			);
			defaultConfigurationIsVisible = 0;
		};
		25526B981F90F01100D33280 /* Build configuration list for PBXNativeTarget "TimePickerViewTests" */ = {
			isa = XCConfigurationList;
			buildConfigurations = (
				25526B991F90F01100D33280 /* Debug */,
				25526B9A1F90F01100D33280 /* Release */,
			);
			defaultConfigurationIsVisible = 0;
		};
		25526B9B1F90F01100D33280 /* Build configuration list for PBXNativeTarget "TimePickerViewUITests" */ = {
			isa = XCConfigurationList;
			buildConfigurations = (
				25526B9C1F90F01100D33280 /* Debug */,
				25526B9D1F90F01100D33280 /* Release */,
			);
			defaultConfigurationIsVisible = 0;
		};
/* End XCConfigurationList section */
	};
	rootObject = 25526B601F90F01100D33280 /* Project object */;
}
